
Microsoft Visual Studio Solution File, Format Version 12.00
# Visual Studio Version 16
VisualStudioVersion = 16.0.31424.327
MinimumVisualStudioVersion = 10.0.40219.1
Project("{FAE04EC0-301F-11D3-BF4B-00C04F79EFBC}") = "Ultimate_Battle_of_Ultimate_Destiny", "Ultimate_Battle_of_Ultimate_Destiny\Ultimate_Battle_of_Ultimate_Destiny.csproj", "{B853727F-FA5C-449C-8457-A46A754F6019}"
EndProject
Global
	GlobalSection(SolutionConfigurationPlatforms) = preSolution
		Debug|Any CPU = Debug|Any CPU
		Release|Any CPU = Release|Any CPU
	EndGlobalSection
	GlobalSection(ProjectConfigurationPlatforms) = postSolution
		{B853727F-FA5C-449C-8457-A46A754F6019}.Debug|Any CPU.ActiveCfg = Debug|Any CPU
		{B853727F-FA5C-449C-8457-A46A754F6019}.Debug|Any CPU.Build.0 = Debug|Any CPU
		{B853727F-FA5C-449C-8457-A46A754F6019}.Release|Any CPU.ActiveCfg = Release|Any CPU
		{B853727F-FA5C-449C-8457-A46A754F6019}.Release|Any CPU.Build.0 = Release|Any CPU
	EndGlobalSection
	GlobalSection(SolutionProperties) = preSolution
		HideSolutionNode = FALSE
	EndGlobalSection
	GlobalSection(ExtensibilityGlobals) = postSolution
		SolutionGuid = {3D80F648-3341-4E11-9203-B8996A1F4FFC}
	EndGlobalSection
EndGlobal
